
Microsoft Visual Studio Solution File, Format Version 12.00
# Visual Studio Version 17
VisualStudioVersion = 17.0.31903.59
MinimumVisualStudioVersion = 10.0.40219.1
Project("{FAE04EC0-301F-11D3-BF4B-00C04F79EFBC}") = "Persistence", "Persistence\Persistence.csproj", "{D8224D89-2F43-4D8F-B882-8612624F9D75}"
EndProject
Project("{FAE04EC0-301F-11D3-BF4B-00C04F79EFBC}") = "ApiFarmacia", "ApiFarmacia\ApiFarmacia.csproj", "{FE3A94E7-1CA3-4EF6-85A0-B044A7F0F127}"
EndProject
Project("{FAE04EC0-301F-11D3-BF4B-00C04F79EFBC}") = "Domain", "Domain\Domain.csproj", "{BEBD28B2-06E2-4C8F-B754-ED77ABAAEEE8}"
EndProject
Project("{FAE04EC0-301F-11D3-BF4B-00C04F79EFBC}") = "App", "App\App.csproj", "{B4F66C38-D5FC-44C9-9EC7-5FFAF16406BB}"
EndProject
Global
	GlobalSection(SolutionConfigurationPlatforms) = preSolution
		Debug|Any CPU = Debug|Any CPU
		Release|Any CPU = Release|Any CPU
	EndGlobalSection
	GlobalSection(SolutionProperties) = preSolution
		HideSolutionNode = FALSE
	EndGlobalSection
	GlobalSection(ProjectConfigurationPlatforms) = postSolution
		{D8224D89-2F43-4D8F-B882-8612624F9D75}.Debug|Any CPU.ActiveCfg = Debug|Any CPU
		{D8224D89-2F43-4D8F-B882-8612624F9D75}.Debug|Any CPU.Build.0 = Debug|Any CPU
		{D8224D89-2F43-4D8F-B882-8612624F9D75}.Release|Any CPU.ActiveCfg = Release|Any CPU
		{D8224D89-2F43-4D8F-B882-8612624F9D75}.Release|Any CPU.Build.0 = Release|Any CPU
		{FE3A94E7-1CA3-4EF6-85A0-B044A7F0F127}.Debug|Any CPU.ActiveCfg = Debug|Any CPU
		{FE3A94E7-1CA3-4EF6-85A0-B044A7F0F127}.Debug|Any CPU.Build.0 = Debug|Any CPU
		{FE3A94E7-1CA3-4EF6-85A0-B044A7F0F127}.Release|Any CPU.ActiveCfg = Release|Any CPU
		{FE3A94E7-1CA3-4EF6-85A0-B044A7F0F127}.Release|Any CPU.Build.0 = Release|Any CPU
		{BEBD28B2-06E2-4C8F-B754-ED77ABAAEEE8}.Debug|Any CPU.ActiveCfg = Debug|Any CPU
		{BEBD28B2-06E2-4C8F-B754-ED77ABAAEEE8}.Debug|Any CPU.Build.0 = Debug|Any CPU
		{BEBD28B2-06E2-4C8F-B754-ED77ABAAEEE8}.Release|Any CPU.ActiveCfg = Release|Any CPU
		{BEBD28B2-06E2-4C8F-B754-ED77ABAAEEE8}.Release|Any CPU.Build.0 = Release|Any CPU
		{B4F66C38-D5FC-44C9-9EC7-5FFAF16406BB}.Debug|Any CPU.ActiveCfg = Debug|Any CPU
		{B4F66C38-D5FC-44C9-9EC7-5FFAF16406BB}.Debug|Any CPU.Build.0 = Debug|Any CPU
		{B4F66C38-D5FC-44C9-9EC7-5FFAF16406BB}.Release|Any CPU.ActiveCfg = Release|Any CPU
		{B4F66C38-D5FC-44C9-9EC7-5FFAF16406BB}.Release|Any CPU.Build.0 = Release|Any CPU
	EndGlobalSection
EndGlobal
